{
  "nodes": {
    "flake-utils": {
      "inputs": {
        "systems": "systems"
      },
      "locked": {
        "lastModified": 1685518550,
        "narHash": "sha256-o2d0KcvaXzTrPRIo0kOLV0/QXHhDQ5DTi+OxcjO8xqY=",
        "owner": "numtide",
        "repo": "flake-utils",
        "rev": "a1720a10a6cfe8234c0e93907ffe81be440f4cef",
        "type": "github"
      },
      "original": {
        "id": "flake-utils",
        "type": "indirect"
      }
    },
    "github-nvim-theme": {
      "flake": false,
      "locked": {
        "lastModified": 1686070093,
        "narHash": "sha256-kVIwnipF0m3l/kqnlId1axO1CMtw6GU7HI9AgSClgFU=",
        "ref": "fix-incorrect-highlights",
        "rev": "cb601d80975e57447b8bf94a2c2f73e99968ddcd",
        "revCount": 473,
        "submodules": true,
        "type": "git",
        "url": "file:///Users/tylermiller/code/github-nvim-theme"
      },
      "original": {
        "id": "github-nvim-theme",
        "type": "indirect"
      }
    },
    "nixpkgs": {
      "locked": {
        "lastModified": 1686949509,
        "narHash": "sha256-52OTWmIjf5t5VcoGhSjRsCWHlwSf/mPhY+0fpaiA1hs=",
        "owner": "NixOS",
        "repo": "nixpkgs",
        "rev": "992ccdd822ecff0712ed0004f89df9e96f6a4963",
        "type": "github"
      },
      "original": {
        "id": "nixpkgs",
        "type": "indirect"
      }
    },
    "root": {
      "inputs": {
        "flake-utils": "flake-utils",
        "github-nvim-theme": "github-nvim-theme",
        "nixpkgs": "nixpkgs",
        "sos-nvim": "sos-nvim",
        "telescope-paths-nvim": "telescope-paths-nvim"
      }
    },
    "sos-nvim": {
      "flake": false,
      "locked": {
        "lastModified": 1684567696,
        "narHash": "sha256-0HAarCT7K/H4pnhjGW189nOE4JdeE0Pdq5vNKkJpH7w=",
        "submodules": true,
        "type": "git",
        "url": "file:///Users/tylermiller/code/sos.nvim/dev"
      },
      "original": {
        "id": "sos-nvim",
        "type": "indirect"
      }
    },
    "systems": {
      "locked": {
        "lastModified": 1681028828,
        "narHash": "sha256-Vy1rq5AaRuLzOxct8nz4T6wlgyUR7zLU309k9mBC768=",
        "owner": "nix-systems",
        "repo": "default",
        "rev": "da67096a3b9bf56a91d16901293e51ba5b49a27e",
        "type": "github"
      },
      "original": {
        "owner": "nix-systems",
        "repo": "default",
        "type": "github"
      }
    },
    "telescope-paths-nvim": {
      "flake": false,
      "locked": {
        "lastModified": 0,
        "narHash": "sha256-pQpattmS9VmO3ZIQUFn66az8GSmB4IvYhTTCFn6SUmo=",
        "submodules": true,
        "type": "git",
        "url": "file:///Users/tylermiller/code/telescope-paths.nvim"
      },
      "original": {
        "id": "telescope-paths-nvim",
        "type": "indirect"
      }
    }
  },
  "root": "root",
  "version": 7
}
